
Microsoft Visual Studio Solution File, Format Version 12.00
# Visual Studio 15
VisualStudioVersion = 15.0.26124.0
MinimumVisualStudioVersion = 15.0.26124.0
Project("{2150E333-8FDC-42A3-9474-1A3956D46DE8}") = "src", "src", "{DC4201C6-422F-4795-8C91-533A1BF81BAA}"
EndProject
Project("{9A19103F-16F7-4668-BE54-9A1E7A4F7556}") = "Demo.Domain", "src\Demo.Domain\Demo.Domain.csproj", "{FB9DE2A4-ED1B-4DED-AACA-75DD001AE3D2}"
EndProject
Project("{9A19103F-16F7-4668-BE54-9A1E7A4F7556}") = "Demo.Infrastructure", "src\Demo.Infrastructure\Demo.Infrastructure.csproj", "{6CCBC39C-E268-44BA-A21D-651E58AF89E6}"
EndProject
Project("{9A19103F-16F7-4668-BE54-9A1E7A4F7556}") = "Demo.UI.Web", "src\Demo.UI.Web\Demo.UI.Web.csproj", "{CDC295C9-6BF6-4DB5-9045-FB5A3D054D0D}"
EndProject
Project("{2150E333-8FDC-42A3-9474-1A3956D46DE8}") = "1 - UI", "1 - UI", "{ED4F579E-22CE-4994-B02B-2A8DF4215015}"
EndProject
Project("{2150E333-8FDC-42A3-9474-1A3956D46DE8}") = "2 - Domain", "2 - Domain", "{92908856-F8A9-4ABB-8B91-AFC34570B6BA}"
EndProject
Project("{2150E333-8FDC-42A3-9474-1A3956D46DE8}") = "3 - Infrastructure", "3 - Infrastructure", "{FD7DA025-9F9C-42B1-8BBC-3B8F52C48F73}"
EndProject
Project("{9A19103F-16F7-4668-BE54-9A1E7A4F7556}") = "DemoIdentity", "src\DemoIdentity\DemoIdentity.csproj", "{2310C82F-2362-4795-B343-EB5860DE871E}"
EndProject
Project("{2150E333-8FDC-42A3-9474-1A3956D46DE8}") = "4- Demos", "4- Demos", "{3E218975-C6EC-4AD6-B451-CF45B1466533}"
EndProject
Project("{9A19103F-16F7-4668-BE54-9A1E7A4F7556}") = "WebApplication1", "src\WebApplication1\WebApplication1.csproj", "{BBCDAFA7-43AD-4C9C-95EA-7790040FE219}"
EndProject
Project("{2150E333-8FDC-42A3-9474-1A3956D46DE8}") = "5- Demo Web Api", "5- Demo Web Api", "{03061485-7152-4AF0-99B9-73EDD0CB94FE}"
EndProject
Project("{9A19103F-16F7-4668-BE54-9A1E7A4F7556}") = "Checkout.Orders.Domain", "src\Checkout.Orders.Domain\Checkout.Orders.Domain.csproj", "{6D1B0F8B-5045-450A-AE04-62FB53A3B58F}"
EndProject
Project("{9A19103F-16F7-4668-BE54-9A1E7A4F7556}") = "Checkout.Orders.API.Contract", "src\Checkout.Orders.API.Contract\Checkout.Orders.API.Contract.csproj", "{CADEC7BC-63F2-4D0D-9C52-0912E8D29505}"
EndProject
Project("{9A19103F-16F7-4668-BE54-9A1E7A4F7556}") = "Checkout.Orders.API.Client", "src\Checkout.Orders.API.Client\Checkout.Orders.API.Client.csproj", "{781EAB8E-2DA0-4C23-8E1B-269A38612C62}"
EndProject
Project("{9A19103F-16F7-4668-BE54-9A1E7A4F7556}") = "Checkout.Orders.API", "src\Checkout.Orders.API\Checkout.Orders.API.csproj", "{92EC23C0-1B56-4D0F-9EC1-BB8D1A788C97}"
EndProject
Project("{2150E333-8FDC-42A3-9474-1A3956D46DE8}") = "6 - Code First", "6 - Code First", "{450FB20E-E558-49FD-818D-973DAE677AD2}"
EndProject
Project("{9A19103F-16F7-4668-BE54-9A1E7A4F7556}") = "ReverseEngineeringDatabase", "src\ReverseEngineeringDatabase\ReverseEngineeringDatabase.csproj", "{ABF78DCB-9A79-4498-8B31-51EF182C2720}"
EndProject
Project("{FAE04EC0-301F-11D3-BF4B-00C04F79EFBC}") = "Checkout.Orders.Infrastructure", "src\Checkout.Orders.Infrastructure\Checkout.Orders.Infrastructure.csproj", "{4885744E-EEEE-4C59-B2E3-7394277B4375}"
EndProject
Global
	GlobalSection(SolutionConfigurationPlatforms) = preSolution
		Debug|Any CPU = Debug|Any CPU
		Debug|x64 = Debug|x64
		Debug|x86 = Debug|x86
		Release|Any CPU = Release|Any CPU
		Release|x64 = Release|x64
		Release|x86 = Release|x86
	EndGlobalSection
	GlobalSection(ProjectConfigurationPlatforms) = postSolution
		{FB9DE2A4-ED1B-4DED-AACA-75DD001AE3D2}.Debug|Any CPU.ActiveCfg = Debug|Any CPU
		{FB9DE2A4-ED1B-4DED-AACA-75DD001AE3D2}.Debug|Any CPU.Build.0 = Debug|Any CPU
		{FB9DE2A4-ED1B-4DED-AACA-75DD001AE3D2}.Debug|x64.ActiveCfg = Debug|Any CPU
		{FB9DE2A4-ED1B-4DED-AACA-75DD001AE3D2}.Debug|x64.Build.0 = Debug|Any CPU
		{FB9DE2A4-ED1B-4DED-AACA-75DD001AE3D2}.Debug|x86.ActiveCfg = Debug|Any CPU
		{FB9DE2A4-ED1B-4DED-AACA-75DD001AE3D2}.Debug|x86.Build.0 = Debug|Any CPU
		{FB9DE2A4-ED1B-4DED-AACA-75DD001AE3D2}.Release|Any CPU.ActiveCfg = Release|Any CPU
		{FB9DE2A4-ED1B-4DED-AACA-75DD001AE3D2}.Release|Any CPU.Build.0 = Release|Any CPU
		{FB9DE2A4-ED1B-4DED-AACA-75DD001AE3D2}.Release|x64.ActiveCfg = Release|Any CPU
		{FB9DE2A4-ED1B-4DED-AACA-75DD001AE3D2}.Release|x64.Build.0 = Release|Any CPU
		{FB9DE2A4-ED1B-4DED-AACA-75DD001AE3D2}.Release|x86.ActiveCfg = Release|Any CPU
		{FB9DE2A4-ED1B-4DED-AACA-75DD001AE3D2}.Release|x86.Build.0 = Release|Any CPU
		{6CCBC39C-E268-44BA-A21D-651E58AF89E6}.Debug|Any CPU.ActiveCfg = Debug|Any CPU
		{6CCBC39C-E268-44BA-A21D-651E58AF89E6}.Debug|Any CPU.Build.0 = Debug|Any CPU
		{6CCBC39C-E268-44BA-A21D-651E58AF89E6}.Debug|x64.ActiveCfg = Debug|Any CPU
		{6CCBC39C-E268-44BA-A21D-651E58AF89E6}.Debug|x64.Build.0 = Debug|Any CPU
		{6CCBC39C-E268-44BA-A21D-651E58AF89E6}.Debug|x86.ActiveCfg = Debug|Any CPU
		{6CCBC39C-E268-44BA-A21D-651E58AF89E6}.Debug|x86.Build.0 = Debug|Any CPU
		{6CCBC39C-E268-44BA-A21D-651E58AF89E6}.Release|Any CPU.ActiveCfg = Release|Any CPU
		{6CCBC39C-E268-44BA-A21D-651E58AF89E6}.Release|Any CPU.Build.0 = Release|Any CPU
		{6CCBC39C-E268-44BA-A21D-651E58AF89E6}.Release|x64.ActiveCfg = Release|Any CPU
		{6CCBC39C-E268-44BA-A21D-651E58AF89E6}.Release|x64.Build.0 = Release|Any CPU
		{6CCBC39C-E268-44BA-A21D-651E58AF89E6}.Release|x86.ActiveCfg = Release|Any CPU
		{6CCBC39C-E268-44BA-A21D-651E58AF89E6}.Release|x86.Build.0 = Release|Any CPU
		{CDC295C9-6BF6-4DB5-9045-FB5A3D054D0D}.Debug|Any CPU.ActiveCfg = Debug|Any CPU
		{CDC295C9-6BF6-4DB5-9045-FB5A3D054D0D}.Debug|Any CPU.Build.0 = Debug|Any CPU
		{CDC295C9-6BF6-4DB5-9045-FB5A3D054D0D}.Debug|x64.ActiveCfg = Debug|Any CPU
		{CDC295C9-6BF6-4DB5-9045-FB5A3D054D0D}.Debug|x64.Build.0 = Debug|Any CPU
		{CDC295C9-6BF6-4DB5-9045-FB5A3D054D0D}.Debug|x86.ActiveCfg = Debug|Any CPU
		{CDC295C9-6BF6-4DB5-9045-FB5A3D054D0D}.Debug|x86.Build.0 = Debug|Any CPU
		{CDC295C9-6BF6-4DB5-9045-FB5A3D054D0D}.Release|Any CPU.ActiveCfg = Release|Any CPU
		{CDC295C9-6BF6-4DB5-9045-FB5A3D054D0D}.Release|Any CPU.Build.0 = Release|Any CPU
		{CDC295C9-6BF6-4DB5-9045-FB5A3D054D0D}.Release|x64.ActiveCfg = Release|Any CPU
		{CDC295C9-6BF6-4DB5-9045-FB5A3D054D0D}.Release|x64.Build.0 = Release|Any CPU
		{CDC295C9-6BF6-4DB5-9045-FB5A3D054D0D}.Release|x86.ActiveCfg = Release|Any CPU
		{CDC295C9-6BF6-4DB5-9045-FB5A3D054D0D}.Release|x86.Build.0 = Release|Any CPU
		{2310C82F-2362-4795-B343-EB5860DE871E}.Debug|Any CPU.ActiveCfg = Debug|Any CPU
		{2310C82F-2362-4795-B343-EB5860DE871E}.Debug|Any CPU.Build.0 = Debug|Any CPU
		{2310C82F-2362-4795-B343-EB5860DE871E}.Debug|x64.ActiveCfg = Debug|Any CPU
		{2310C82F-2362-4795-B343-EB5860DE871E}.Debug|x64.Build.0 = Debug|Any CPU
		{2310C82F-2362-4795-B343-EB5860DE871E}.Debug|x86.ActiveCfg = Debug|Any CPU
		{2310C82F-2362-4795-B343-EB5860DE871E}.Debug|x86.Build.0 = Debug|Any CPU
		{2310C82F-2362-4795-B343-EB5860DE871E}.Release|Any CPU.ActiveCfg = Release|Any CPU
		{2310C82F-2362-4795-B343-EB5860DE871E}.Release|Any CPU.Build.0 = Release|Any CPU
		{2310C82F-2362-4795-B343-EB5860DE871E}.Release|x64.ActiveCfg = Release|Any CPU
		{2310C82F-2362-4795-B343-EB5860DE871E}.Release|x64.Build.0 = Release|Any CPU
		{2310C82F-2362-4795-B343-EB5860DE871E}.Release|x86.ActiveCfg = Release|Any CPU
		{2310C82F-2362-4795-B343-EB5860DE871E}.Release|x86.Build.0 = Release|Any CPU
		{BBCDAFA7-43AD-4C9C-95EA-7790040FE219}.Debug|Any CPU.ActiveCfg = Debug|Any CPU
		{BBCDAFA7-43AD-4C9C-95EA-7790040FE219}.Debug|Any CPU.Build.0 = Debug|Any CPU
		{BBCDAFA7-43AD-4C9C-95EA-7790040FE219}.Debug|x64.ActiveCfg = Debug|Any CPU
		{BBCDAFA7-43AD-4C9C-95EA-7790040FE219}.Debug|x64.Build.0 = Debug|Any CPU
		{BBCDAFA7-43AD-4C9C-95EA-7790040FE219}.Debug|x86.ActiveCfg = Debug|Any CPU
		{BBCDAFA7-43AD-4C9C-95EA-7790040FE219}.Debug|x86.Build.0 = Debug|Any CPU
		{BBCDAFA7-43AD-4C9C-95EA-7790040FE219}.Release|Any CPU.ActiveCfg = Release|Any CPU
		{BBCDAFA7-43AD-4C9C-95EA-7790040FE219}.Release|Any CPU.Build.0 = Release|Any CPU
		{BBCDAFA7-43AD-4C9C-95EA-7790040FE219}.Release|x64.ActiveCfg = Release|Any CPU
		{BBCDAFA7-43AD-4C9C-95EA-7790040FE219}.Release|x64.Build.0 = Release|Any CPU
		{BBCDAFA7-43AD-4C9C-95EA-7790040FE219}.Release|x86.ActiveCfg = Release|Any CPU
		{BBCDAFA7-43AD-4C9C-95EA-7790040FE219}.Release|x86.Build.0 = Release|Any CPU
		{6D1B0F8B-5045-450A-AE04-62FB53A3B58F}.Debug|Any CPU.ActiveCfg = Debug|Any CPU
		{6D1B0F8B-5045-450A-AE04-62FB53A3B58F}.Debug|Any CPU.Build.0 = Debug|Any CPU
		{6D1B0F8B-5045-450A-AE04-62FB53A3B58F}.Debug|x64.ActiveCfg = Debug|Any CPU
		{6D1B0F8B-5045-450A-AE04-62FB53A3B58F}.Debug|x64.Build.0 = Debug|Any CPU
		{6D1B0F8B-5045-450A-AE04-62FB53A3B58F}.Debug|x86.ActiveCfg = Debug|Any CPU
		{6D1B0F8B-5045-450A-AE04-62FB53A3B58F}.Debug|x86.Build.0 = Debug|Any CPU
		{6D1B0F8B-5045-450A-AE04-62FB53A3B58F}.Release|Any CPU.ActiveCfg = Release|Any CPU
		{6D1B0F8B-5045-450A-AE04-62FB53A3B58F}.Release|Any CPU.Build.0 = Release|Any CPU
		{6D1B0F8B-5045-450A-AE04-62FB53A3B58F}.Release|x64.ActiveCfg = Release|Any CPU
		{6D1B0F8B-5045-450A-AE04-62FB53A3B58F}.Release|x64.Build.0 = Release|Any CPU
		{6D1B0F8B-5045-450A-AE04-62FB53A3B58F}.Release|x86.ActiveCfg = Release|Any CPU
		{6D1B0F8B-5045-450A-AE04-62FB53A3B58F}.Release|x86.Build.0 = Release|Any CPU
		{CADEC7BC-63F2-4D0D-9C52-0912E8D29505}.Debug|Any CPU.ActiveCfg = Debug|Any CPU
		{CADEC7BC-63F2-4D0D-9C52-0912E8D29505}.Debug|Any CPU.Build.0 = Debug|Any CPU
		{CADEC7BC-63F2-4D0D-9C52-0912E8D29505}.Debug|x64.ActiveCfg = Debug|Any CPU
		{CADEC7BC-63F2-4D0D-9C52-0912E8D29505}.Debug|x64.Build.0 = Debug|Any CPU
		{CADEC7BC-63F2-4D0D-9C52-0912E8D29505}.Debug|x86.ActiveCfg = Debug|Any CPU
		{CADEC7BC-63F2-4D0D-9C52-0912E8D29505}.Debug|x86.Build.0 = Debug|Any CPU
		{CADEC7BC-63F2-4D0D-9C52-0912E8D29505}.Release|Any CPU.ActiveCfg = Release|Any CPU
		{CADEC7BC-63F2-4D0D-9C52-0912E8D29505}.Release|Any CPU.Build.0 = Release|Any CPU
		{CADEC7BC-63F2-4D0D-9C52-0912E8D29505}.Release|x64.ActiveCfg = Release|Any CPU
		{CADEC7BC-63F2-4D0D-9C52-0912E8D29505}.Release|x64.Build.0 = Release|Any CPU
		{CADEC7BC-63F2-4D0D-9C52-0912E8D29505}.Release|x86.ActiveCfg = Release|Any CPU
		{CADEC7BC-63F2-4D0D-9C52-0912E8D29505}.Release|x86.Build.0 = Release|Any CPU
		{781EAB8E-2DA0-4C23-8E1B-269A38612C62}.Debug|Any CPU.ActiveCfg = Debug|Any CPU
		{781EAB8E-2DA0-4C23-8E1B-269A38612C62}.Debug|Any CPU.Build.0 = Debug|Any CPU
		{781EAB8E-2DA0-4C23-8E1B-269A38612C62}.Debug|x64.ActiveCfg = Debug|Any CPU
		{781EAB8E-2DA0-4C23-8E1B-269A38612C62}.Debug|x64.Build.0 = Debug|Any CPU
		{781EAB8E-2DA0-4C23-8E1B-269A38612C62}.Debug|x86.ActiveCfg = Debug|Any CPU
		{781EAB8E-2DA0-4C23-8E1B-269A38612C62}.Debug|x86.Build.0 = Debug|Any CPU
		{781EAB8E-2DA0-4C23-8E1B-269A38612C62}.Release|Any CPU.ActiveCfg = Release|Any CPU
		{781EAB8E-2DA0-4C23-8E1B-269A38612C62}.Release|Any CPU.Build.0 = Release|Any CPU
		{781EAB8E-2DA0-4C23-8E1B-269A38612C62}.Release|x64.ActiveCfg = Release|Any CPU
		{781EAB8E-2DA0-4C23-8E1B-269A38612C62}.Release|x64.Build.0 = Release|Any CPU
		{781EAB8E-2DA0-4C23-8E1B-269A38612C62}.Release|x86.ActiveCfg = Release|Any CPU
		{781EAB8E-2DA0-4C23-8E1B-269A38612C62}.Release|x86.Build.0 = Release|Any CPU
		{92EC23C0-1B56-4D0F-9EC1-BB8D1A788C97}.Debug|Any CPU.ActiveCfg = Debug|Any CPU
		{92EC23C0-1B56-4D0F-9EC1-BB8D1A788C97}.Debug|Any CPU.Build.0 = Debug|Any CPU
		{92EC23C0-1B56-4D0F-9EC1-BB8D1A788C97}.Debug|x64.ActiveCfg = Debug|Any CPU
		{92EC23C0-1B56-4D0F-9EC1-BB8D1A788C97}.Debug|x64.Build.0 = Debug|Any CPU
		{92EC23C0-1B56-4D0F-9EC1-BB8D1A788C97}.Debug|x86.ActiveCfg = Debug|Any CPU
		{92EC23C0-1B56-4D0F-9EC1-BB8D1A788C97}.Debug|x86.Build.0 = Debug|Any CPU
		{92EC23C0-1B56-4D0F-9EC1-BB8D1A788C97}.Release|Any CPU.ActiveCfg = Release|Any CPU
		{92EC23C0-1B56-4D0F-9EC1-BB8D1A788C97}.Release|Any CPU.Build.0 = Release|Any CPU
		{92EC23C0-1B56-4D0F-9EC1-BB8D1A788C97}.Release|x64.ActiveCfg = Release|Any CPU
		{92EC23C0-1B56-4D0F-9EC1-BB8D1A788C97}.Release|x64.Build.0 = Release|Any CPU
		{92EC23C0-1B56-4D0F-9EC1-BB8D1A788C97}.Release|x86.ActiveCfg = Release|Any CPU
		{92EC23C0-1B56-4D0F-9EC1-BB8D1A788C97}.Release|x86.Build.0 = Release|Any CPU
		{ABF78DCB-9A79-4498-8B31-51EF182C2720}.Debug|Any CPU.ActiveCfg = Debug|Any CPU
		{ABF78DCB-9A79-4498-8B31-51EF182C2720}.Debug|Any CPU.Build.0 = Debug|Any CPU
		{ABF78DCB-9A79-4498-8B31-51EF182C2720}.Debug|x64.ActiveCfg = Debug|Any CPU
		{ABF78DCB-9A79-4498-8B31-51EF182C2720}.Debug|x64.Build.0 = Debug|Any CPU
		{ABF78DCB-9A79-4498-8B31-51EF182C2720}.Debug|x86.ActiveCfg = Debug|Any CPU
		{ABF78DCB-9A79-4498-8B31-51EF182C2720}.Debug|x86.Build.0 = Debug|Any CPU
		{ABF78DCB-9A79-4498-8B31-51EF182C2720}.Release|Any CPU.ActiveCfg = Release|Any CPU
		{ABF78DCB-9A79-4498-8B31-51EF182C2720}.Release|Any CPU.Build.0 = Release|Any CPU
		{ABF78DCB-9A79-4498-8B31-51EF182C2720}.Release|x64.ActiveCfg = Release|Any CPU
		{ABF78DCB-9A79-4498-8B31-51EF182C2720}.Release|x64.Build.0 = Release|Any CPU
		{ABF78DCB-9A79-4498-8B31-51EF182C2720}.Release|x86.ActiveCfg = Release|Any CPU
		{ABF78DCB-9A79-4498-8B31-51EF182C2720}.Release|x86.Build.0 = Release|Any CPU
		{4885744E-EEEE-4C59-B2E3-7394277B4375}.Debug|Any CPU.ActiveCfg = Debug|Any CPU
		{4885744E-EEEE-4C59-B2E3-7394277B4375}.Debug|Any CPU.Build.0 = Debug|Any CPU
		{4885744E-EEEE-4C59-B2E3-7394277B4375}.Debug|x64.ActiveCfg = Debug|Any CPU
		{4885744E-EEEE-4C59-B2E3-7394277B4375}.Debug|x64.Build.0 = Debug|Any CPU
		{4885744E-EEEE-4C59-B2E3-7394277B4375}.Debug|x86.ActiveCfg = Debug|Any CPU
		{4885744E-EEEE-4C59-B2E3-7394277B4375}.Debug|x86.Build.0 = Debug|Any CPU
		{4885744E-EEEE-4C59-B2E3-7394277B4375}.Release|Any CPU.ActiveCfg = Release|Any CPU
		{4885744E-EEEE-4C59-B2E3-7394277B4375}.Release|Any CPU.Build.0 = Release|Any CPU
		{4885744E-EEEE-4C59-B2E3-7394277B4375}.Release|x64.ActiveCfg = Release|Any CPU
		{4885744E-EEEE-4C59-B2E3-7394277B4375}.Release|x64.Build.0 = Release|Any CPU
		{4885744E-EEEE-4C59-B2E3-7394277B4375}.Release|x86.ActiveCfg = Release|Any CPU
		{4885744E-EEEE-4C59-B2E3-7394277B4375}.Release|x86.Build.0 = Release|Any CPU
	EndGlobalSection
	GlobalSection(SolutionProperties) = preSolution
		HideSolutionNode = FALSE
	EndGlobalSection
	GlobalSection(NestedProjects) = preSolution
		{FB9DE2A4-ED1B-4DED-AACA-75DD001AE3D2} = {92908856-F8A9-4ABB-8B91-AFC34570B6BA}
		{6CCBC39C-E268-44BA-A21D-651E58AF89E6} = {FD7DA025-9F9C-42B1-8BBC-3B8F52C48F73}
		{CDC295C9-6BF6-4DB5-9045-FB5A3D054D0D} = {ED4F579E-22CE-4994-B02B-2A8DF4215015}
		{ED4F579E-22CE-4994-B02B-2A8DF4215015} = {DC4201C6-422F-4795-8C91-533A1BF81BAA}
		{92908856-F8A9-4ABB-8B91-AFC34570B6BA} = {DC4201C6-422F-4795-8C91-533A1BF81BAA}
		{FD7DA025-9F9C-42B1-8BBC-3B8F52C48F73} = {DC4201C6-422F-4795-8C91-533A1BF81BAA}
		{2310C82F-2362-4795-B343-EB5860DE871E} = {3E218975-C6EC-4AD6-B451-CF45B1466533}
		{3E218975-C6EC-4AD6-B451-CF45B1466533} = {DC4201C6-422F-4795-8C91-533A1BF81BAA}
		{BBCDAFA7-43AD-4C9C-95EA-7790040FE219} = {3E218975-C6EC-4AD6-B451-CF45B1466533}
		{03061485-7152-4AF0-99B9-73EDD0CB94FE} = {DC4201C6-422F-4795-8C91-533A1BF81BAA}
		{6D1B0F8B-5045-450A-AE04-62FB53A3B58F} = {03061485-7152-4AF0-99B9-73EDD0CB94FE}
		{CADEC7BC-63F2-4D0D-9C52-0912E8D29505} = {03061485-7152-4AF0-99B9-73EDD0CB94FE}
		{781EAB8E-2DA0-4C23-8E1B-269A38612C62} = {03061485-7152-4AF0-99B9-73EDD0CB94FE}
		{92EC23C0-1B56-4D0F-9EC1-BB8D1A788C97} = {03061485-7152-4AF0-99B9-73EDD0CB94FE}
		{450FB20E-E558-49FD-818D-973DAE677AD2} = {DC4201C6-422F-4795-8C91-533A1BF81BAA}
		{ABF78DCB-9A79-4498-8B31-51EF182C2720} = {450FB20E-E558-49FD-818D-973DAE677AD2}
		{4885744E-EEEE-4C59-B2E3-7394277B4375} = {03061485-7152-4AF0-99B9-73EDD0CB94FE}
	EndGlobalSection
	GlobalSection(ExtensibilityGlobals) = postSolution
		SolutionGuid = {F348EC45-282E-44AB-8A9A-F75A9222884F}
	EndGlobalSection
EndGlobal
